
Microsoft Visual Studio Solution File, Format Version 12.00
# Visual Studio Version 16
VisualStudioVersion = 16.0.31605.320
MinimumVisualStudioVersion = 10.0.40219.1
Project("{FAE04EC0-301F-11D3-BF4B-00C04F79EFBC}") = "VierGewinnt", "VierGewinnt\VierGewinnt.csproj", "{79332D2D-873B-4C45-950C-AD5FFEED49A7}"
EndProject
Global
	GlobalSection(SolutionConfigurationPlatforms) = preSolution
		Debug|Any CPU = Debug|Any CPU
		Release|Any CPU = Release|Any CPU
	EndGlobalSection
	GlobalSection(ProjectConfigurationPlatforms) = postSolution
		{79332D2D-873B-4C45-950C-AD5FFEED49A7}.Debug|Any CPU.ActiveCfg = Debug|Any CPU
		{79332D2D-873B-4C45-950C-AD5FFEED49A7}.Debug|Any CPU.Build.0 = Debug|Any CPU
		{79332D2D-873B-4C45-950C-AD5FFEED49A7}.Release|Any CPU.ActiveCfg = Release|Any CPU
		{79332D2D-873B-4C45-950C-AD5FFEED49A7}.Release|Any CPU.Build.0 = Release|Any CPU
	EndGlobalSection
	GlobalSection(SolutionProperties) = preSolution
		HideSolutionNode = FALSE
	EndGlobalSection
	GlobalSection(ExtensibilityGlobals) = postSolution
		SolutionGuid = {A62BA645-B67B-4342-9FD9-B61693B927D0}
	EndGlobalSection
EndGlobal
